
Microsoft Visual Studio Solution File, Format Version 12.00
# Visual Studio 14
VisualStudioVersion = 14.0.24720.0
MinimumVisualStudioVersion = 10.0.40219.1
Project("{FAE04EC0-301F-11D3-BF4B-00C04F79EFBC}") = "basic-webapp", "server\basic-webapp.csproj", "{08125BD5-A238-4704-9489-ACB7A76B09DF}"
EndProject
Project("{FAE04EC0-301F-11D3-BF4B-00C04F79EFBC}") = "sso-slave-webapp", "sso-slave-server\sso-slave-webapp.csproj", "{0C30C5ED-82FC-4816-BB45-77E2AE80699F}"
EndProject
Project("{FAE04EC0-301F-11D3-BF4B-00C04F79EFBC}") = "http-users-endpoint", "http-users-endpoint\http-users-endpoint.csproj", "{B68AAC37-0156-4108-AE47-28B884AA4946}"
EndProject
Project("{2150E333-8FDC-42A3-9474-1A3956D46DE8}") = ".nuget", ".nuget", "{1597FD5A-002E-4B17-A22C-A6E4D5C3CA82}"
	ProjectSection(SolutionItems) = preProject
		.nuget\NuGet.Config = .nuget\NuGet.Config
		.nuget\NuGet.exe = .nuget\NuGet.exe
		.nuget\NuGet.targets = .nuget\NuGet.targets
	EndProjectSection
EndProject
Global
	GlobalSection(SolutionConfigurationPlatforms) = preSolution
		Debug|Any CPU = Debug|Any CPU
		Release|Any CPU = Release|Any CPU
	EndGlobalSection
	GlobalSection(ProjectConfigurationPlatforms) = postSolution
		{08125BD5-A238-4704-9489-ACB7A76B09DF}.Debug|Any CPU.ActiveCfg = Debug|Any CPU
		{08125BD5-A238-4704-9489-ACB7A76B09DF}.Debug|Any CPU.Build.0 = Debug|Any CPU
		{08125BD5-A238-4704-9489-ACB7A76B09DF}.Release|Any CPU.ActiveCfg = Release|Any CPU
		{08125BD5-A238-4704-9489-ACB7A76B09DF}.Release|Any CPU.Build.0 = Release|Any CPU
		{0C30C5ED-82FC-4816-BB45-77E2AE80699F}.Debug|Any CPU.ActiveCfg = Debug|Any CPU
		{0C30C5ED-82FC-4816-BB45-77E2AE80699F}.Debug|Any CPU.Build.0 = Debug|Any CPU
		{0C30C5ED-82FC-4816-BB45-77E2AE80699F}.Release|Any CPU.ActiveCfg = Release|Any CPU
		{0C30C5ED-82FC-4816-BB45-77E2AE80699F}.Release|Any CPU.Build.0 = Release|Any CPU
		{B68AAC37-0156-4108-AE47-28B884AA4946}.Debug|Any CPU.ActiveCfg = Debug|Any CPU
		{B68AAC37-0156-4108-AE47-28B884AA4946}.Debug|Any CPU.Build.0 = Debug|Any CPU
		{B68AAC37-0156-4108-AE47-28B884AA4946}.Release|Any CPU.ActiveCfg = Release|Any CPU
		{B68AAC37-0156-4108-AE47-28B884AA4946}.Release|Any CPU.Build.0 = Release|Any CPU
	EndGlobalSection
	GlobalSection(SolutionProperties) = preSolution
		HideSolutionNode = FALSE
	EndGlobalSection
EndGlobal
